
Microsoft Visual Studio Solution File, Format Version 12.00
# Visual Studio Version 17
VisualStudioVersion = 17.5.33516.290
MinimumVisualStudioVersion = 10.0.40219.1
Project("{2150E333-8FDC-42A3-9474-1A3956D46DE8}") = "GUI", "GUI", "{7C29C9A3-5482-477D-977C-01946BDC9D0E}"
EndProject
Project("{9A19103F-16F7-4668-BE54-9A1E7A4F7556}") = "EJERCICIO C03 UNIDAD 06 GUI", "GUI EXPENDEDORA\EJERCICIO C03 UNIDAD 06 GUI.csproj", "{9A5D2300-2B79-471A-BBC9-D5568DD2D4F2}"
EndProject
Project("{2150E333-8FDC-42A3-9474-1A3956D46DE8}") = "CONSOLA", "CONSOLA", "{5BF25E36-4825-4955-BFE4-A7A4F545C61E}"
EndProject
Project("{9A19103F-16F7-4668-BE54-9A1E7A4F7556}") = "EJERCICIO C03 UNIDAD 06", "CONSOLA MAQUINA EXPENDEDORA\EJERCICIO C03 UNIDAD 06.csproj", "{B0D9957E-6CF5-4ECB-8436-F56AA20264D2}"
EndProject
Project("{2150E333-8FDC-42A3-9474-1A3956D46DE8}") = "ENTIDADES", "ENTIDADES", "{DD39D225-D97F-4F43-A8FE-0FC6742C46AD}"
EndProject
Project("{9A19103F-16F7-4668-BE54-9A1E7A4F7556}") = "UNIDAD 06 ENTIDADES", "ENTIDADES\UNIDAD 06 ENTIDADES.csproj", "{05A43C86-2713-4E54-B8A2-CD58B0AD6B1B}"
EndProject
Global
	GlobalSection(SolutionConfigurationPlatforms) = preSolution
		Debug|Any CPU = Debug|Any CPU
		Release|Any CPU = Release|Any CPU
	EndGlobalSection
	GlobalSection(ProjectConfigurationPlatforms) = postSolution
		{9A5D2300-2B79-471A-BBC9-D5568DD2D4F2}.Debug|Any CPU.ActiveCfg = Debug|Any CPU
		{9A5D2300-2B79-471A-BBC9-D5568DD2D4F2}.Debug|Any CPU.Build.0 = Debug|Any CPU
		{9A5D2300-2B79-471A-BBC9-D5568DD2D4F2}.Release|Any CPU.ActiveCfg = Release|Any CPU
		{9A5D2300-2B79-471A-BBC9-D5568DD2D4F2}.Release|Any CPU.Build.0 = Release|Any CPU
		{B0D9957E-6CF5-4ECB-8436-F56AA20264D2}.Debug|Any CPU.ActiveCfg = Debug|Any CPU
		{B0D9957E-6CF5-4ECB-8436-F56AA20264D2}.Debug|Any CPU.Build.0 = Debug|Any CPU
		{B0D9957E-6CF5-4ECB-8436-F56AA20264D2}.Release|Any CPU.ActiveCfg = Release|Any CPU
		{B0D9957E-6CF5-4ECB-8436-F56AA20264D2}.Release|Any CPU.Build.0 = Release|Any CPU
		{05A43C86-2713-4E54-B8A2-CD58B0AD6B1B}.Debug|Any CPU.ActiveCfg = Debug|Any CPU
		{05A43C86-2713-4E54-B8A2-CD58B0AD6B1B}.Debug|Any CPU.Build.0 = Debug|Any CPU
		{05A43C86-2713-4E54-B8A2-CD58B0AD6B1B}.Release|Any CPU.ActiveCfg = Release|Any CPU
		{05A43C86-2713-4E54-B8A2-CD58B0AD6B1B}.Release|Any CPU.Build.0 = Release|Any CPU
	EndGlobalSection
	GlobalSection(SolutionProperties) = preSolution
		HideSolutionNode = FALSE
	EndGlobalSection
	GlobalSection(NestedProjects) = preSolution
		{9A5D2300-2B79-471A-BBC9-D5568DD2D4F2} = {7C29C9A3-5482-477D-977C-01946BDC9D0E}
		{B0D9957E-6CF5-4ECB-8436-F56AA20264D2} = {5BF25E36-4825-4955-BFE4-A7A4F545C61E}
		{05A43C86-2713-4E54-B8A2-CD58B0AD6B1B} = {DD39D225-D97F-4F43-A8FE-0FC6742C46AD}
	EndGlobalSection
	GlobalSection(ExtensibilityGlobals) = postSolution
		SolutionGuid = {C3356471-9477-41E6-9DD8-E982C7A6299E}
	EndGlobalSection
EndGlobal
